
Microsoft Visual Studio Solution File, Format Version 12.00
# Visual Studio Version 16
VisualStudioVersion = 16.0.31025.194
MinimumVisualStudioVersion = 10.0.40219.1
Project("{FAE04EC0-301F-11D3-BF4B-00C04F79EFBC}") = "Calculadora", "Calculadora\Calculadora.csproj", "{6E6C55CA-EC19-4D5B-B659-5FFDAF05E19D}"
EndProject
Global
	GlobalSection(SolutionConfigurationPlatforms) = preSolution
		Debug|Any CPU = Debug|Any CPU
		Release|Any CPU = Release|Any CPU
	EndGlobalSection
	GlobalSection(ProjectConfigurationPlatforms) = postSolution
		{6E6C55CA-EC19-4D5B-B659-5FFDAF05E19D}.Debug|Any CPU.ActiveCfg = Debug|Any CPU
		{6E6C55CA-EC19-4D5B-B659-5FFDAF05E19D}.Debug|Any CPU.Build.0 = Debug|Any CPU
		{6E6C55CA-EC19-4D5B-B659-5FFDAF05E19D}.Release|Any CPU.ActiveCfg = Release|Any CPU
		{6E6C55CA-EC19-4D5B-B659-5FFDAF05E19D}.Release|Any CPU.Build.0 = Release|Any CPU
	EndGlobalSection
	GlobalSection(SolutionProperties) = preSolution
		HideSolutionNode = FALSE
	EndGlobalSection
	GlobalSection(ExtensibilityGlobals) = postSolution
		SolutionGuid = {1621CC72-0223-495F-9F10-F7CA138B7D2E}
	EndGlobalSection
EndGlobal
